// !$*UTF8*$!
{
	archiveVersion = 1;
	classes = {
	};
	objectVersion = 46;
	objects = {

/* Begin PBXBuildFile section */
		DB958E021E9C7C7B000C6474 /* AppDelegate.swift in Sources */ = {isa = PBXBuildFile; fileRef = DB958E011E9C7C7B000C6474 /* AppDelegate.swift */; };
		DB958E041E9C7C7B000C6474 /* ViewController.swift in Sources */ = {isa = PBXBuildFile; fileRef = DB958E031E9C7C7B000C6474 /* ViewController.swift */; };
		DB958E061E9C7C7B000C6474 /* Document.swift in Sources */ = {isa = PBXBuildFile; fileRef = DB958E051E9C7C7B000C6474 /* Document.swift */; };
		DB958E081E9C7C7B000C6474 /* Assets.xcassets in Resources */ = {isa = PBXBuildFile; fileRef = DB958E071E9C7C7B000C6474 /* Assets.xcassets */; };
		DB958E0B1E9C7C7B000C6474 /* Main.storyboard in Resources */ = {isa = PBXBuildFile; fileRef = DB958E091E9C7C7B000C6474 /* Main.storyboard */; };
/* End PBXBuildFile section */

/* Begin PBXFileReference section */
		DB958DFE1E9C7C7B000C6474 /* macReader.app */ = {isa = PBXFileReference; explicitFileType = wrapper.application; includeInIndex = 0; path = macReader.app; sourceTree = BUILT_PRODUCTS_DIR; };
		DB958E011E9C7C7B000C6474 /* AppDelegate.swift */ = {isa = PBXFileReference; lastKnownFileType = sourcecode.swift; path = AppDelegate.swift; sourceTree = "<group>"; };
		DB958E031E9C7C7B000C6474 /* ViewController.swift */ = {isa = PBXFileReference; lastKnownFileType = sourcecode.swift; path = ViewController.swift; sourceTree = "<group>"; };
		DB958E051E9C7C7B000C6474 /* Document.swift */ = {isa = PBXFileReference; lastKnownFileType = sourcecode.swift; path = Document.swift; sourceTree = "<group>"; };
		DB958E071E9C7C7B000C6474 /* Assets.xcassets */ = {isa = PBXFileReference; lastKnownFileType = folder.assetcatalog; path = Assets.xcassets; sourceTree = "<group>"; };
		DB958E0A1E9C7C7B000C6474 /* Base */ = {isa = PBXFileReference; lastKnownFileType = file.storyboard; name = Base; path = Base.lproj/Main.storyboard; sourceTree = "<group>"; };
		DB958E0C1E9C7C7B000C6474 /* Info.plist */ = {isa = PBXFileReference; lastKnownFileType = text.plist.xml; path = Info.plist; sourceTree = "<group>"; };
/* End PBXFileReference section */

/* Begin PBXFrameworksBuildPhase section */
		DB958DFB1E9C7C7B000C6474 /* Frameworks */ = {
			isa = PBXFrameworksBuildPhase;
			buildActionMask = 2147483647;
			files = (
			);
			runOnlyForDeploymentPostprocessing = 0;
		};
/* End PBXFrameworksBuildPhase section */

/* Begin PBXGroup section */
		DB958DF51E9C7C7B000C6474 = {
			isa = PBXGroup;
			children = (
				DB958E001E9C7C7B000C6474 /* macReader */,
				DB958DFF1E9C7C7B000C6474 /* Products */,
			);
			sourceTree = "<group>";
		};
		DB958DFF1E9C7C7B000C6474 /* Products */ = {
			isa = PBXGroup;
			children = (
				DB958DFE1E9C7C7B000C6474 /* macReader.app */,
			);
			name = Products;
			sourceTree = "<group>";
		};
		DB958E001E9C7C7B000C6474 /* macReader */ = {
			isa = PBXGroup;
			children = (
				DB958E011E9C7C7B000C6474 /* AppDelegate.swift */,
				DB958E031E9C7C7B000C6474 /* ViewController.swift */,
				DB958E051E9C7C7B000C6474 /* Document.swift */,
				DB958E071E9C7C7B000C6474 /* Assets.xcassets */,
				DB958E091E9C7C7B000C6474 /* Main.storyboard */,
				DB958E0C1E9C7C7B000C6474 /* Info.plist */,
			);
			path = macReader;
			sourceTree = "<group>";
		};
/* End PBXGroup section */

/* Begin PBXNativeTarget section */
		DB958DFD1E9C7C7B000C6474 /* macReader */ = {
			isa = PBXNativeTarget;
			buildConfigurationList = DB958E0F1E9C7C7B000C6474 /* Build configuration list for PBXNativeTarget "macReader" */;
			buildPhases = (
				DB958DFA1E9C7C7B000C6474 /* Sources */,
				DB958DFB1E9C7C7B000C6474 /* Frameworks */,
				DB958DFC1E9C7C7B000C6474 /* Resources */,
			);
			buildRules = (
			);
			dependencies = (
			);
			name = macReader;
			productName = macReader;
			productReference = DB958DFE1E9C7C7B000C6474 /* macReader.app */;
			productType = "com.apple.product-type.application";
		};
/* End PBXNativeTarget section */

/* Begin PBXProject section */
		DB958DF61E9C7C7B000C6474 /* Project object */ = {
			isa = PBXProject;
			attributes = {
				LastSwiftUpdateCheck = 0810;
				LastUpgradeCheck = 0810;
				ORGANIZATIONNAME = "Md Ibrahim Hassan";
				TargetAttributes = {
					DB958DFD1E9C7C7B000C6474 = {
						CreatedOnToolsVersion = 8.1;
						DevelopmentTeam = S22NC6S4LN;
						ProvisioningStyle = Automatic;
					};
				};
			};
			buildConfigurationList = DB958DF91E9C7C7B000C6474 /* Build configuration list for PBXProject "macReader" */;
			compatibilityVersion = "Xcode 3.2";
			developmentRegion = English;
			hasScannedForEncodings = 0;
			knownRegions = (
				en,
				Base,
			);
			mainGroup = DB958DF51E9C7C7B000C6474;
			productRefGroup = DB958DFF1E9C7C7B000C6474 /* Products */;
			projectDirPath = "";
			projectRoot = "";
			targets = (
				DB958DFD1E9C7C7B000C6474 /* macReader */,
			);
		};
/* End PBXProject section */

/* Begin PBXResourcesBuildPhase section */
		DB958DFC1E9C7C7B000C6474 /* Resources */ = {
			isa = PBXResourcesBuildPhase;
			buildActionMask = 2147483647;
			files = (
				DB958E081E9C7C7B000C6474 /* Assets.xcassets in Resources */,
				DB958E0B1E9C7C7B000C6474 /* Main.storyboard in Resources */,
			);
			runOnlyForDeploymentPostprocessing = 0;
		};
/* End PBXResourcesBuildPhase section */

/* Begin PBXSourcesBuildPhase section */
		DB958DFA1E9C7C7B000C6474 /* Sources */ = {
			isa = PBXSourcesBuildPhase;
			buildActionMask = 2147483647;
			files = (
				DB958E041E9C7C7B000C6474 /* ViewController.swift in Sources */,
				DB958E021E9C7C7B000C6474 /* AppDelegate.swift in Sources */,
				DB958E061E9C7C7B000C6474 /* Document.swift in Sources */,
			);
			runOnlyForDeploymentPostprocessing = 0;
		};
/* End PBXSourcesBuildPhase section */

/* Begin PBXVariantGroup section */
		DB958E091E9C7C7B000C6474 /* Main.storyboard */ = {
			isa = PBXVariantGroup;
			children = (
				DB958E0A1E9C7C7B000C6474 /* Base */,
			);
			name = Main.storyboard;
			sourceTree = "<group>";
		};
/* End PBXVariantGroup section */

/* Begin XCBuildConfiguration section */
		DB958E0D1E9C7C7B000C6474 /* Debug */ = {
			isa = XCBuildConfiguration;
			buildSettings = {
				ALWAYS_SEARCH_USER_PATHS = NO;
				CLANG_ANALYZER_NONNULL = YES;
				CLANG_CXX_LANGUAGE_STANDARD = "gnu++0x";
				CLANG_CXX_LIBRARY = "libc++";
				CLANG_ENABLE_MODULES = YES;
				CLANG_ENABLE_OBJC_ARC = YES;
				CLANG_WARN_BOOL_CONVERSION = YES;
				CLANG_WARN_CONSTANT_CONVERSION = YES;
				CLANG_WARN_DIRECT_OBJC_ISA_USAGE = YES_ERROR;
				CLANG_WARN_DOCUMENTATION_COMMENTS = YES;
				CLANG_WARN_EMPTY_BODY = YES;
				CLANG_WARN_ENUM_CONVERSION = YES;
				CLANG_WARN_INFINITE_RECURSION = YES;
				CLANG_WARN_INT_CONVERSION = YES;
				CLANG_WARN_OBJC_ROOT_CLASS = YES_ERROR;
				CLANG_WARN_SUSPICIOUS_MOVES = YES;
				CLANG_WARN_UNREACHABLE_CODE = YES;
				CLANG_WARN__DUPLICATE_METHOD_MATCH = YES;
				CODE_SIGN_IDENTITY = "-";
				COPY_PHASE_STRIP = NO;
				DEBUG_INFORMATION_FORMAT = dwarf;
				ENABLE_STRICT_OBJC_MSGSEND = YES;
				ENABLE_TESTABILITY = YES;
				GCC_C_LANGUAGE_STANDARD = gnu99;
				GCC_DYNAMIC_NO_PIC = NO;
				GCC_NO_COMMON_BLOCKS = YES;
				GCC_OPTIMIZATION_LEVEL = 0;
				GCC_PREPROCESSOR_DEFINITIONS = (
					"DEBUG=1",
					"$(inherited)",
				);
				GCC_WARN_64_TO_32_BIT_CONVERSION = YES;
				GCC_WARN_ABOUT_RETURN_TYPE = YES_ERROR;
				GCC_WARN_UNDECLARED_SELECTOR = YES;
				GCC_WARN_UNINITIALIZED_AUTOS = YES_AGGRESSIVE;
				GCC_WARN_UNUSED_FUNCTION = YES;
				GCC_WARN_UNUSED_VARIABLE = YES;
				MACOSX_DEPLOYMENT_TARGET = 10.12;
				MTL_ENABLE_DEBUG_INFO = YES;
				ONLY_ACTIVE_ARCH = YES;
				SDKROOT = macosx;
				SWIFT_ACTIVE_COMPILATION_CONDITIONS = DEBUG;
				SWIFT_OPTIMIZATION_LEVEL = "-Onone";
			};
			name = Debug;
		};
		DB958E0E1E9C7C7B000C6474 /* Release */ = {
			isa = XCBuildConfiguration;
			buildSettings = {
				ALWAYS_SEARCH_USER_PATHS = NO;
				CLANG_ANALYZER_NONNULL = YES;
				CLANG_CXX_LANGUAGE_STANDARD = "gnu++0x";
				CLANG_CXX_LIBRARY = "libc++";
				CLANG_ENABLE_MODULES = YES;
				CLANG_ENABLE_OBJC_ARC = YES;
				CLANG_WARN_BOOL_CONVERSION = YES;
				CLANG_WARN_CONSTANT_CONVERSION = YES;
				CLANG_WARN_DIRECT_OBJC_ISA_USAGE = YES_ERROR;
				CLANG_WARN_DOCUMENTATION_COMMENTS = YES;
				CLANG_WARN_EMPTY_BODY = YES;
				CLANG_WARN_ENUM_CONVERSION = YES;
				CLANG_WARN_INFINITE_RECURSION = YES;
				CLANG_WARN_INT_CONVERSION = YES;
				CLANG_WARN_OBJC_ROOT_CLASS = YES_ERROR;
				CLANG_WARN_SUSPICIOUS_MOVES = YES;
				CLANG_WARN_UNREACHABLE_CODE = YES;
				CLANG_WARN__DUPLICATE_METHOD_MATCH = YES;
				CODE_SIGN_IDENTITY = "-";
				COPY_PHASE_STRIP = NO;
				DEBUG_INFORMATION_FORMAT = "dwarf-with-dsym";
				ENABLE_NS_ASSERTIONS = NO;
				ENABLE_STRICT_OBJC_MSGSEND = YES;
				GCC_C_LANGUAGE_STANDARD = gnu99;
				GCC_NO_COMMON_BLOCKS = YES;
				GCC_WARN_64_TO_32_BIT_CONVERSION = YES;
				GCC_WARN_ABOUT_RETURN_TYPE = YES_ERROR;
				GCC_WARN_UNDECLARED_SELECTOR = YES;
				GCC_WARN_UNINITIALIZED_AUTOS = YES_AGGRESSIVE;
				GCC_WARN_UNUSED_FUNCTION = YES;
				GCC_WARN_UNUSED_VARIABLE = YES;
				MACOSX_DEPLOYMENT_TARGET = 10.12;
				MTL_ENABLE_DEBUG_INFO = NO;
				SDKROOT = macosx;
				SWIFT_OPTIMIZATION_LEVEL = "-Owholemodule";
			};
			name = Release;
		};
		DB958E101E9C7C7B000C6474 /* Debug */ = {
			isa = XCBuildConfiguration;
			buildSettings = {
				ASSETCATALOG_COMPILER_APPICON_NAME = AppIcon;
				COMBINE_HIDPI_IMAGES = YES;
				DEVELOPMENT_TEAM = S22NC6S4LN;
				INFOPLIST_FILE = macReader/Info.plist;
				LD_RUNPATH_SEARCH_PATHS = "$(inherited) @executable_path/../Frameworks";
				PRODUCT_BUNDLE_IDENTIFIER = "IbrahimH-ss-n.macReader";
				PRODUCT_NAME = "$(TARGET_NAME)";
				SWIFT_VERSION = 3.0;
			};
			name = Debug;
		};
		DB958E111E9C7C7B000C6474 /* Release */ = {
			isa = XCBuildConfiguration;
			buildSettings = {
				ASSETCATALOG_COMPILER_APPICON_NAME = AppIcon;
				COMBINE_HIDPI_IMAGES = YES;
				DEVELOPMENT_TEAM = S22NC6S4LN;
				INFOPLIST_FILE = macReader/Info.plist;
				LD_RUNPATH_SEARCH_PATHS = "$(inherited) @executable_path/../Frameworks";
				PRODUCT_BUNDLE_IDENTIFIER = "IbrahimH-ss-n.macReader";
				PRODUCT_NAME = "$(TARGET_NAME)";
				SWIFT_VERSION = 3.0;
			};
			name = Release;
		};
/* End XCBuildConfiguration section */

/* Begin XCConfigurationList section */
		DB958DF91E9C7C7B000C6474 /* Build configuration list for PBXProject "macReader" */ = {
			isa = XCConfigurationList;
			buildConfigurations = (
				DB958E0D1E9C7C7B000C6474 /* Debug */,
				DB958E0E1E9C7C7B000C6474 /* Release */,
			);
			defaultConfigurationIsVisible = 0;
			defaultConfigurationName = Release;
		};
		DB958E0F1E9C7C7B000C6474 /* Build configuration list for PBXNativeTarget "macReader" */ = {
			isa = XCConfigurationList;
			buildConfigurations = (
				DB958E101E9C7C7B000C6474 /* Debug */,
				DB958E111E9C7C7B000C6474 /* Release */,
			);
			defaultConfigurationIsVisible = 0;
		};
/* End XCConfigurationList section */
	};
	rootObject = DB958DF61E9C7C7B000C6474 /* Project object */;
}
